
Microsoft Visual Studio Solution File, Format Version 12.00
# Visual Studio Version 17
VisualStudioVersion = 17.6.33815.320
MinimumVisualStudioVersion = 10.0.40219.1
Project("{FAE04EC0-301F-11D3-BF4B-00C04F79EFBC}") = "WpfApp3", "WpfApp3\WpfApp3.csproj", "{9476DF82-5CF1-4738-B99B-C2E09920D7E7}"
EndProject
Global
	GlobalSection(SolutionConfigurationPlatforms) = preSolution
		Debug|Any CPU = Debug|Any CPU
		Release|Any CPU = Release|Any CPU
	EndGlobalSection
	GlobalSection(ProjectConfigurationPlatforms) = postSolution
		{9476DF82-5CF1-4738-B99B-C2E09920D7E7}.Debug|Any CPU.ActiveCfg = Debug|Any CPU
		{9476DF82-5CF1-4738-B99B-C2E09920D7E7}.Debug|Any CPU.Build.0 = Debug|Any CPU
		{9476DF82-5CF1-4738-B99B-C2E09920D7E7}.Release|Any CPU.ActiveCfg = Release|Any CPU
		{9476DF82-5CF1-4738-B99B-C2E09920D7E7}.Release|Any CPU.Build.0 = Release|Any CPU
	EndGlobalSection
	GlobalSection(SolutionProperties) = preSolution
		HideSolutionNode = FALSE
	EndGlobalSection
	GlobalSection(ExtensibilityGlobals) = postSolution
		SolutionGuid = {6F589DB2-F578-41B5-9F26-91D51335369C}
	EndGlobalSection
EndGlobal
